
Microsoft Visual Studio Solution File, Format Version 12.00
# Visual Studio 15
VisualStudioVersion = 15.0.28307.1401
MinimumVisualStudioVersion = 10.0.40219.1
Project("{FAE04EC0-301F-11D3-BF4B-00C04F79EFBC}") = "Multiples3and5", "Multiples3and5\Multiples3and5.csproj", "{9C7E87CC-0C7F-4C82-9FBE-566C33D703A8}"
EndProject
Global
	GlobalSection(SolutionConfigurationPlatforms) = preSolution
		Debug|Any CPU = Debug|Any CPU
		Release|Any CPU = Release|Any CPU
	EndGlobalSection
	GlobalSection(ProjectConfigurationPlatforms) = postSolution
		{9C7E87CC-0C7F-4C82-9FBE-566C33D703A8}.Debug|Any CPU.ActiveCfg = Debug|Any CPU
		{9C7E87CC-0C7F-4C82-9FBE-566C33D703A8}.Debug|Any CPU.Build.0 = Debug|Any CPU
		{9C7E87CC-0C7F-4C82-9FBE-566C33D703A8}.Release|Any CPU.ActiveCfg = Release|Any CPU
		{9C7E87CC-0C7F-4C82-9FBE-566C33D703A8}.Release|Any CPU.Build.0 = Release|Any CPU
	EndGlobalSection
	GlobalSection(SolutionProperties) = preSolution
		HideSolutionNode = FALSE
	EndGlobalSection
	GlobalSection(ExtensibilityGlobals) = postSolution
		SolutionGuid = {75800A53-3D0F-4273-8892-8F5902501576}
	EndGlobalSection
EndGlobal
